
Microsoft Visual Studio Solution File, Format Version 12.00
# Visual Studio 15
VisualStudioVersion = 15.0.26730.15
MinimumVisualStudioVersion = 10.0.40219.1
Project("{FAE04EC0-301F-11D3-BF4B-00C04F79EFBC}") = "SpecUnit", "SpecUnit\SpecUnit.csproj", "{650A6CED-11AD-4DA2-984C-39FB773F88D3}"
EndProject
Global
	GlobalSection(SolutionConfigurationPlatforms) = preSolution
		Debug|Any CPU = Debug|Any CPU
		Release|Any CPU = Release|Any CPU
	EndGlobalSection
	GlobalSection(ProjectConfigurationPlatforms) = postSolution
		{650A6CED-11AD-4DA2-984C-39FB773F88D3}.Debug|Any CPU.ActiveCfg = Debug|Any CPU
		{650A6CED-11AD-4DA2-984C-39FB773F88D3}.Debug|Any CPU.Build.0 = Debug|Any CPU
		{650A6CED-11AD-4DA2-984C-39FB773F88D3}.Release|Any CPU.ActiveCfg = Release|Any CPU
		{650A6CED-11AD-4DA2-984C-39FB773F88D3}.Release|Any CPU.Build.0 = Release|Any CPU
	EndGlobalSection
	GlobalSection(SolutionProperties) = preSolution
		HideSolutionNode = FALSE
	EndGlobalSection
	GlobalSection(ExtensibilityGlobals) = postSolution
		SolutionGuid = {05F954B6-D7B7-4492-9D7A-B219EE4BA0B8}
	EndGlobalSection
EndGlobal
