
Microsoft Visual Studio Solution File, Format Version 11.00
# Visual Studio 2010
Project("{2150E333-8FDC-42A3-9474-1A3956D46DE8}") = "Build", "Build", "{D2689613-C029-4AD1-9795-2354C974A6DB}"
EndProject
Project("{FAE04EC0-301F-11D3-BF4B-00C04F79EFBC}") = "SampleApplication", "SampleApplication\SampleApplication.csproj", "{0B310EB5-358D-45B4-B95D-E217B3B4283C}"
EndProject
Project("{FAE04EC0-301F-11D3-BF4B-00C04F79EFBC}") = "SampleApplication.Tests", "SampleApplication.Tests\SampleApplication.Tests.csproj", "{3AA1FDEB-5E41-466E-BDFA-571F6A49C1E4}"
EndProject
Project("{FAE04EC0-301F-11D3-BF4B-00C04F79EFBC}") = "Fluency", "Fluency\Fluency.csproj", "{CA8DE273-AA4A-4FC1-9D41-B67B56A53433}"
EndProject
Project("{FAE04EC0-301F-11D3-BF4B-00C04F79EFBC}") = "Fluency.Tests", "Fluency.Tests\Fluency.Tests.csproj", "{F8CADD7C-6E49-476F-AF03-274507FA06B4}"
EndProject
Project("{FAE04EC0-301F-11D3-BF4B-00C04F79EFBC}") = "SpecUnit", "SpecUnit\SpecUnit.csproj", "{650A6CED-11AD-4DA2-984C-39FB773F88D3}"
EndProject
Project("{FAE04EC0-301F-11D3-BF4B-00C04F79EFBC}") = "Shiloh.DataGeneration", "Shiloh.DataGeneration\Shiloh.DataGeneration.csproj", "{B5088BE7-78C5-4C63-8F64-9147308D4E45}"
EndProject
Project("{FAE04EC0-301F-11D3-BF4B-00C04F79EFBC}") = "Shiloh.DataGeneration.Tests", "Shiloh.DataGeneration.Tests\Shiloh.DataGeneration.Tests.csproj", "{9CC38069-57B8-4656-A1BD-118C59C6D49C}"
EndProject
Project("{FAE04EC0-301F-11D3-BF4B-00C04F79EFBC}") = "Shiloh.Persistence", "Shiloh.Persistence\Shiloh.Persistence.csproj", "{B9E93AAC-EA86-45BF-973D-C5B9848F640E}"
EndProject
Global
	GlobalSection(SolutionConfigurationPlatforms) = preSolution
		Debug|Any CPU = Debug|Any CPU
		Release|Any CPU = Release|Any CPU
	EndGlobalSection
	GlobalSection(ProjectConfigurationPlatforms) = postSolution
		{0B310EB5-358D-45B4-B95D-E217B3B4283C}.Debug|Any CPU.ActiveCfg = Debug|Any CPU
		{0B310EB5-358D-45B4-B95D-E217B3B4283C}.Debug|Any CPU.Build.0 = Debug|Any CPU
		{0B310EB5-358D-45B4-B95D-E217B3B4283C}.Release|Any CPU.ActiveCfg = Release|Any CPU
		{0B310EB5-358D-45B4-B95D-E217B3B4283C}.Release|Any CPU.Build.0 = Release|Any CPU
		{3AA1FDEB-5E41-466E-BDFA-571F6A49C1E4}.Debug|Any CPU.ActiveCfg = Debug|Any CPU
		{3AA1FDEB-5E41-466E-BDFA-571F6A49C1E4}.Debug|Any CPU.Build.0 = Debug|Any CPU
		{3AA1FDEB-5E41-466E-BDFA-571F6A49C1E4}.Release|Any CPU.ActiveCfg = Release|Any CPU
		{3AA1FDEB-5E41-466E-BDFA-571F6A49C1E4}.Release|Any CPU.Build.0 = Release|Any CPU
		{CA8DE273-AA4A-4FC1-9D41-B67B56A53433}.Debug|Any CPU.ActiveCfg = Debug|Any CPU
		{CA8DE273-AA4A-4FC1-9D41-B67B56A53433}.Debug|Any CPU.Build.0 = Debug|Any CPU
		{CA8DE273-AA4A-4FC1-9D41-B67B56A53433}.Release|Any CPU.ActiveCfg = Release|Any CPU
		{CA8DE273-AA4A-4FC1-9D41-B67B56A53433}.Release|Any CPU.Build.0 = Release|Any CPU
		{F8CADD7C-6E49-476F-AF03-274507FA06B4}.Debug|Any CPU.ActiveCfg = Debug|Any CPU
		{F8CADD7C-6E49-476F-AF03-274507FA06B4}.Debug|Any CPU.Build.0 = Debug|Any CPU
		{F8CADD7C-6E49-476F-AF03-274507FA06B4}.Release|Any CPU.ActiveCfg = Release|Any CPU
		{F8CADD7C-6E49-476F-AF03-274507FA06B4}.Release|Any CPU.Build.0 = Release|Any CPU
		{650A6CED-11AD-4DA2-984C-39FB773F88D3}.Debug|Any CPU.ActiveCfg = Debug|Any CPU
		{650A6CED-11AD-4DA2-984C-39FB773F88D3}.Debug|Any CPU.Build.0 = Debug|Any CPU
		{650A6CED-11AD-4DA2-984C-39FB773F88D3}.Release|Any CPU.ActiveCfg = Release|Any CPU
		{650A6CED-11AD-4DA2-984C-39FB773F88D3}.Release|Any CPU.Build.0 = Release|Any CPU
		{B5088BE7-78C5-4C63-8F64-9147308D4E45}.Debug|Any CPU.ActiveCfg = Debug|Any CPU
		{B5088BE7-78C5-4C63-8F64-9147308D4E45}.Debug|Any CPU.Build.0 = Debug|Any CPU
		{B5088BE7-78C5-4C63-8F64-9147308D4E45}.Release|Any CPU.ActiveCfg = Release|Any CPU
		{B5088BE7-78C5-4C63-8F64-9147308D4E45}.Release|Any CPU.Build.0 = Release|Any CPU
		{9CC38069-57B8-4656-A1BD-118C59C6D49C}.Debug|Any CPU.ActiveCfg = Debug|Any CPU
		{9CC38069-57B8-4656-A1BD-118C59C6D49C}.Debug|Any CPU.Build.0 = Debug|Any CPU
		{9CC38069-57B8-4656-A1BD-118C59C6D49C}.Release|Any CPU.ActiveCfg = Release|Any CPU
		{9CC38069-57B8-4656-A1BD-118C59C6D49C}.Release|Any CPU.Build.0 = Release|Any CPU
		{B9E93AAC-EA86-45BF-973D-C5B9848F640E}.Debug|Any CPU.ActiveCfg = Debug|Any CPU
		{B9E93AAC-EA86-45BF-973D-C5B9848F640E}.Debug|Any CPU.Build.0 = Debug|Any CPU
		{B9E93AAC-EA86-45BF-973D-C5B9848F640E}.Release|Any CPU.ActiveCfg = Release|Any CPU
		{B9E93AAC-EA86-45BF-973D-C5B9848F640E}.Release|Any CPU.Build.0 = Release|Any CPU
	EndGlobalSection
	GlobalSection(SolutionProperties) = preSolution
		HideSolutionNode = FALSE
	EndGlobalSection
EndGlobal
